
Microsoft Visual Studio Solution File, Format Version 12.00
Project("{FAE04EC0-301F-11D3-BF4B-00C04F79EFBC}") = "ConsoleApp1", "ConsoleApp1\ConsoleApp1.csproj", "{F65F64DB-FF49-4146-A256-68CCEFF971A5}"
EndProject
Global
	GlobalSection(SolutionConfigurationPlatforms) = preSolution
		Debug|Any CPU = Debug|Any CPU
		Release|Any CPU = Release|Any CPU
	EndGlobalSection
	GlobalSection(ProjectConfigurationPlatforms) = postSolution
		{F65F64DB-FF49-4146-A256-68CCEFF971A5}.Debug|Any CPU.ActiveCfg = Debug|Any CPU
		{F65F64DB-FF49-4146-A256-68CCEFF971A5}.Debug|Any CPU.Build.0 = Debug|Any CPU
		{F65F64DB-FF49-4146-A256-68CCEFF971A5}.Release|Any CPU.ActiveCfg = Release|Any CPU
		{F65F64DB-FF49-4146-A256-68CCEFF971A5}.Release|Any CPU.Build.0 = Release|Any CPU
	EndGlobalSection
EndGlobal
