
Microsoft Visual Studio Solution File, Format Version 12.00
Project("{FAE04EC0-301F-11D3-BF4B-00C04F79EFBC}") = "PracticTask3", "PracticTask3\PracticTask3.csproj", "{BFC25A18-F841-46D1-B456-D6F35CF4DE91}"
EndProject
Project("{FAE04EC0-301F-11D3-BF4B-00C04F79EFBC}") = "Task2", "Task2\Task2.csproj", "{D0B1005B-004A-4A89-A810-39ACCC74F45E}"
EndProject
Project("{FAE04EC0-301F-11D3-BF4B-00C04F79EFBC}") = "Task3", "Task3\Task3.csproj", "{AD0DC01B-DB30-44F9-8A74-DE79C426D602}"
EndProject
Project("{FAE04EC0-301F-11D3-BF4B-00C04F79EFBC}") = "Task1", "Task1\Task1.csproj", "{B1B46CE4-B36C-4545-9278-6655F668251E}"
EndProject
Project("{FAE04EC0-301F-11D3-BF4B-00C04F79EFBC}") = "Task4", "Task4\Task4.csproj", "{096C1090-7459-4A93-94DF-0A5E9F690467}"
EndProject
Project("{FAE04EC0-301F-11D3-BF4B-00C04F79EFBC}") = "Task5", "Task5\Task5.csproj", "{BDB8E35A-0A17-4CB4-813B-6D88591BDAD9}"
EndProject
Project("{FAE04EC0-301F-11D3-BF4B-00C04F79EFBC}") = "Task6", "Task6\Task6.csproj", "{4C00F904-BA0C-4EF3-91F3-C401C471CDE2}"
EndProject
Project("{FAE04EC0-301F-11D3-BF4B-00C04F79EFBC}") = "Тask7", "Тask7\Тask7.csproj", "{FDAAB51E-0658-4A6B-8510-BA9AB1D1DC12}"
EndProject
Global
	GlobalSection(SolutionConfigurationPlatforms) = preSolution
		Debug|Any CPU = Debug|Any CPU
		Release|Any CPU = Release|Any CPU
	EndGlobalSection
	GlobalSection(ProjectConfigurationPlatforms) = postSolution
		{BFC25A18-F841-46D1-B456-D6F35CF4DE91}.Debug|Any CPU.ActiveCfg = Debug|Any CPU
		{BFC25A18-F841-46D1-B456-D6F35CF4DE91}.Debug|Any CPU.Build.0 = Debug|Any CPU
		{BFC25A18-F841-46D1-B456-D6F35CF4DE91}.Release|Any CPU.ActiveCfg = Release|Any CPU
		{BFC25A18-F841-46D1-B456-D6F35CF4DE91}.Release|Any CPU.Build.0 = Release|Any CPU
		{D0B1005B-004A-4A89-A810-39ACCC74F45E}.Debug|Any CPU.ActiveCfg = Debug|Any CPU
		{D0B1005B-004A-4A89-A810-39ACCC74F45E}.Debug|Any CPU.Build.0 = Debug|Any CPU
		{D0B1005B-004A-4A89-A810-39ACCC74F45E}.Release|Any CPU.ActiveCfg = Release|Any CPU
		{D0B1005B-004A-4A89-A810-39ACCC74F45E}.Release|Any CPU.Build.0 = Release|Any CPU
		{AD0DC01B-DB30-44F9-8A74-DE79C426D602}.Debug|Any CPU.ActiveCfg = Debug|Any CPU
		{AD0DC01B-DB30-44F9-8A74-DE79C426D602}.Debug|Any CPU.Build.0 = Debug|Any CPU
		{AD0DC01B-DB30-44F9-8A74-DE79C426D602}.Release|Any CPU.ActiveCfg = Release|Any CPU
		{AD0DC01B-DB30-44F9-8A74-DE79C426D602}.Release|Any CPU.Build.0 = Release|Any CPU
		{B1B46CE4-B36C-4545-9278-6655F668251E}.Debug|Any CPU.ActiveCfg = Debug|Any CPU
		{B1B46CE4-B36C-4545-9278-6655F668251E}.Debug|Any CPU.Build.0 = Debug|Any CPU
		{B1B46CE4-B36C-4545-9278-6655F668251E}.Release|Any CPU.ActiveCfg = Release|Any CPU
		{B1B46CE4-B36C-4545-9278-6655F668251E}.Release|Any CPU.Build.0 = Release|Any CPU
		{096C1090-7459-4A93-94DF-0A5E9F690467}.Debug|Any CPU.ActiveCfg = Debug|Any CPU
		{096C1090-7459-4A93-94DF-0A5E9F690467}.Debug|Any CPU.Build.0 = Debug|Any CPU
		{096C1090-7459-4A93-94DF-0A5E9F690467}.Release|Any CPU.ActiveCfg = Release|Any CPU
		{096C1090-7459-4A93-94DF-0A5E9F690467}.Release|Any CPU.Build.0 = Release|Any CPU
		{BDB8E35A-0A17-4CB4-813B-6D88591BDAD9}.Debug|Any CPU.ActiveCfg = Debug|Any CPU
		{BDB8E35A-0A17-4CB4-813B-6D88591BDAD9}.Debug|Any CPU.Build.0 = Debug|Any CPU
		{BDB8E35A-0A17-4CB4-813B-6D88591BDAD9}.Release|Any CPU.ActiveCfg = Release|Any CPU
		{BDB8E35A-0A17-4CB4-813B-6D88591BDAD9}.Release|Any CPU.Build.0 = Release|Any CPU
		{4C00F904-BA0C-4EF3-91F3-C401C471CDE2}.Debug|Any CPU.ActiveCfg = Debug|Any CPU
		{4C00F904-BA0C-4EF3-91F3-C401C471CDE2}.Debug|Any CPU.Build.0 = Debug|Any CPU
		{4C00F904-BA0C-4EF3-91F3-C401C471CDE2}.Release|Any CPU.ActiveCfg = Release|Any CPU
		{4C00F904-BA0C-4EF3-91F3-C401C471CDE2}.Release|Any CPU.Build.0 = Release|Any CPU
		{FDAAB51E-0658-4A6B-8510-BA9AB1D1DC12}.Debug|Any CPU.ActiveCfg = Debug|Any CPU
		{FDAAB51E-0658-4A6B-8510-BA9AB1D1DC12}.Debug|Any CPU.Build.0 = Debug|Any CPU
		{FDAAB51E-0658-4A6B-8510-BA9AB1D1DC12}.Release|Any CPU.ActiveCfg = Release|Any CPU
		{FDAAB51E-0658-4A6B-8510-BA9AB1D1DC12}.Release|Any CPU.Build.0 = Release|Any CPU
	EndGlobalSection
EndGlobal
