
Microsoft Visual Studio Solution File, Format Version 12.00
# Visual Studio Version 16
VisualStudioVersion = 25.0.1706.0
MinimumVisualStudioVersion = 10.0.40219.1
Project("{FAE04EC0-301F-11D3-BF4B-00C04F79EFBC}") = "PhonebookSQL", "PhonebookSQL.csproj", "{514A1ECD-20B7-403E-BC39-3E1F2B6DE835}"
EndProject
Global
	GlobalSection(SolutionConfigurationPlatforms) = preSolution
		Debug|Any CPU = Debug|Any CPU
		Release|Any CPU = Release|Any CPU
	EndGlobalSection
	GlobalSection(ProjectConfigurationPlatforms) = postSolution
		{514A1ECD-20B7-403E-BC39-3E1F2B6DE835}.Debug|Any CPU.ActiveCfg = Debug|Any CPU
		{514A1ECD-20B7-403E-BC39-3E1F2B6DE835}.Debug|Any CPU.Build.0 = Debug|Any CPU
		{514A1ECD-20B7-403E-BC39-3E1F2B6DE835}.Release|Any CPU.ActiveCfg = Release|Any CPU
		{514A1ECD-20B7-403E-BC39-3E1F2B6DE835}.Release|Any CPU.Build.0 = Release|Any CPU
	EndGlobalSection
	GlobalSection(SolutionProperties) = preSolution
		HideSolutionNode = FALSE
	EndGlobalSection
	GlobalSection(ExtensibilityGlobals) = postSolution
		SolutionGuid = {F5B83457-604B-4F1B-B160-C29988A0DE56}
	EndGlobalSection
EndGlobal
